
Microsoft Visual Studio Solution File, Format Version 12.00
# Visual Studio Version 16
VisualStudioVersion = 16.0.30621.155
MinimumVisualStudioVersion = 10.0.40219.1
Project("{8BC9CEB8-8B4A-11D0-8D11-00A0C91BC942}") = "NeuralNetwork", "NeuralNetwork\NeuralNetwork.vcxproj", "{9EAC8DF7-C671-40F0-AD94-5E3E513C54A3}"
EndProject
Global
	GlobalSection(SolutionConfigurationPlatforms) = preSolution
		Debug|x64 = Debug|x64
		Debug|x86 = Debug|x86
		Release|x64 = Release|x64
		Release|x86 = Release|x86
	EndGlobalSection
	GlobalSection(ProjectConfigurationPlatforms) = postSolution
		{9EAC8DF7-C671-40F0-AD94-5E3E513C54A3}.Debug|x64.ActiveCfg = Debug|x64
		{9EAC8DF7-C671-40F0-AD94-5E3E513C54A3}.Debug|x64.Build.0 = Debug|x64
		{9EAC8DF7-C671-40F0-AD94-5E3E513C54A3}.Debug|x86.ActiveCfg = Debug|Win32
		{9EAC8DF7-C671-40F0-AD94-5E3E513C54A3}.Debug|x86.Build.0 = Debug|Win32
		{9EAC8DF7-C671-40F0-AD94-5E3E513C54A3}.Release|x64.ActiveCfg = Release|x64
		{9EAC8DF7-C671-40F0-AD94-5E3E513C54A3}.Release|x64.Build.0 = Release|x64
		{9EAC8DF7-C671-40F0-AD94-5E3E513C54A3}.Release|x86.ActiveCfg = Release|Win32
		{9EAC8DF7-C671-40F0-AD94-5E3E513C54A3}.Release|x86.Build.0 = Release|Win32
	EndGlobalSection
	GlobalSection(SolutionProperties) = preSolution
		HideSolutionNode = FALSE
	EndGlobalSection
	GlobalSection(ExtensibilityGlobals) = postSolution
		SolutionGuid = {CD756755-9FCE-4F9F-97AC-F5F848D162D9}
	EndGlobalSection
EndGlobal
